
Microsoft Visual Studio Solution File, Format Version 12.00
# Visual Studio Version 17
VisualStudioVersion = 17.9.34723.18
MinimumVisualStudioVersion = 10.0.40219.1
Project("{FAE04EC0-301F-11D3-BF4B-00C04F79EFBC}") = "GlobalDb", "GlobalDb\GlobalDb.csproj", "{82FD5D0A-C938-48B4-AD75-AB7628D37032}"
EndProject
Global
	GlobalSection(SolutionConfigurationPlatforms) = preSolution
		Debug|Any CPU = Debug|Any CPU
		Release|Any CPU = Release|Any CPU
	EndGlobalSection
	GlobalSection(ProjectConfigurationPlatforms) = postSolution
		{82FD5D0A-C938-48B4-AD75-AB7628D37032}.Debug|Any CPU.ActiveCfg = Debug|Any CPU
		{82FD5D0A-C938-48B4-AD75-AB7628D37032}.Debug|Any CPU.Build.0 = Debug|Any CPU
		{82FD5D0A-C938-48B4-AD75-AB7628D37032}.Release|Any CPU.ActiveCfg = Release|Any CPU
		{82FD5D0A-C938-48B4-AD75-AB7628D37032}.Release|Any CPU.Build.0 = Release|Any CPU
	EndGlobalSection
	GlobalSection(SolutionProperties) = preSolution
		HideSolutionNode = FALSE
	EndGlobalSection
	GlobalSection(ExtensibilityGlobals) = postSolution
		SolutionGuid = {E3D29662-3763-436D-99A2-14C921548D0A}
	EndGlobalSection
EndGlobal
